
Microsoft Visual Studio Solution File, Format Version 12.00
# Visual Studio Version 16
VisualStudioVersion = 16.0.30309.148
MinimumVisualStudioVersion = 10.0.40219.1
Project("{9A19103F-16F7-4668-BE54-9A1E7A4F7556}") = "XamarinTemplate.Client", "XamarinTemplate\XamarinTemplate.Client\XamarinTemplate.Client.csproj", "{EA49842E-3C7B-4176-B0CC-7AD5C124115A}"
EndProject
Project("{FAE04EC0-301F-11D3-BF4B-00C04F79EFBC}") = "XamarinTemplate.Droid", "XamarinTemplate\XamarinTemplate.Droid\XamarinTemplate.Droid.csproj", "{BBE349E0-6EDC-4762-913F-C575FDEF89BC}"
EndProject
Project("{FAE04EC0-301F-11D3-BF4B-00C04F79EFBC}") = "XamarinTemplate.iOS", "XamarinTemplate\XamarinTemplate.iOS\XamarinTemplate.iOS.csproj", "{7AF2C74F-6D63-4DBF-8F81-A54736C8E232}"
EndProject
Project("{FAE04EC0-301F-11D3-BF4B-00C04F79EFBC}") = "XamarinTemplate.UWP", "XamarinTemplate\XamarinTemplate.UWP\XamarinTemplate.UWP.csproj", "{6D2149F2-1E69-43E3-A74F-11807B18AB25}"
EndProject
Project("{2150E333-8FDC-42A3-9474-1A3956D46DE8}") = "Target Platform", "Target Platform", "{C493DCB9-769E-4776-82BB-0B9036A723A7}"
EndProject
Project("{2150E333-8FDC-42A3-9474-1A3956D46DE8}") = "Solution Items", "Solution Items", "{9046D6A8-541A-4666-976B-2A1DA0D13292}"
	ProjectSection(SolutionItems) = preProject
		.gitignore = .gitignore
	EndProjectSection
EndProject
Global
	GlobalSection(SolutionConfigurationPlatforms) = preSolution
		Ad-Hoc|Any CPU = Ad-Hoc|Any CPU
		Ad-Hoc|ARM = Ad-Hoc|ARM
		Ad-Hoc|iPhone = Ad-Hoc|iPhone
		Ad-Hoc|iPhoneSimulator = Ad-Hoc|iPhoneSimulator
		Ad-Hoc|x64 = Ad-Hoc|x64
		Ad-Hoc|x86 = Ad-Hoc|x86
		AppStore|Any CPU = AppStore|Any CPU
		AppStore|ARM = AppStore|ARM
		AppStore|iPhone = AppStore|iPhone
		AppStore|iPhoneSimulator = AppStore|iPhoneSimulator
		AppStore|x64 = AppStore|x64
		AppStore|x86 = AppStore|x86
		Debug|Any CPU = Debug|Any CPU
		Debug|ARM = Debug|ARM
		Debug|iPhone = Debug|iPhone
		Debug|iPhoneSimulator = Debug|iPhoneSimulator
		Debug|x64 = Debug|x64
		Debug|x86 = Debug|x86
		Release|Any CPU = Release|Any CPU
		Release|ARM = Release|ARM
		Release|iPhone = Release|iPhone
		Release|iPhoneSimulator = Release|iPhoneSimulator
		Release|x64 = Release|x64
		Release|x86 = Release|x86
	EndGlobalSection
	GlobalSection(ProjectConfigurationPlatforms) = postSolution
		{EA49842E-3C7B-4176-B0CC-7AD5C124115A}.Ad-Hoc|Any CPU.ActiveCfg = Debug|Any CPU
		{EA49842E-3C7B-4176-B0CC-7AD5C124115A}.Ad-Hoc|Any CPU.Build.0 = Debug|Any CPU
		{EA49842E-3C7B-4176-B0CC-7AD5C124115A}.Ad-Hoc|ARM.ActiveCfg = Debug|Any CPU
		{EA49842E-3C7B-4176-B0CC-7AD5C124115A}.Ad-Hoc|ARM.Build.0 = Debug|Any CPU
		{EA49842E-3C7B-4176-B0CC-7AD5C124115A}.Ad-Hoc|iPhone.ActiveCfg = Debug|Any CPU
		{EA49842E-3C7B-4176-B0CC-7AD5C124115A}.Ad-Hoc|iPhone.Build.0 = Debug|Any CPU
		{EA49842E-3C7B-4176-B0CC-7AD5C124115A}.Ad-Hoc|iPhoneSimulator.ActiveCfg = Debug|Any CPU
		{EA49842E-3C7B-4176-B0CC-7AD5C124115A}.Ad-Hoc|iPhoneSimulator.Build.0 = Debug|Any CPU
		{EA49842E-3C7B-4176-B0CC-7AD5C124115A}.Ad-Hoc|x64.ActiveCfg = Debug|Any CPU
		{EA49842E-3C7B-4176-B0CC-7AD5C124115A}.Ad-Hoc|x64.Build.0 = Debug|Any CPU
		{EA49842E-3C7B-4176-B0CC-7AD5C124115A}.Ad-Hoc|x86.ActiveCfg = Debug|Any CPU
		{EA49842E-3C7B-4176-B0CC-7AD5C124115A}.Ad-Hoc|x86.Build.0 = Debug|Any CPU
		{EA49842E-3C7B-4176-B0CC-7AD5C124115A}.AppStore|Any CPU.ActiveCfg = Debug|Any CPU
		{EA49842E-3C7B-4176-B0CC-7AD5C124115A}.AppStore|Any CPU.Build.0 = Debug|Any CPU
		{EA49842E-3C7B-4176-B0CC-7AD5C124115A}.AppStore|ARM.ActiveCfg = Debug|Any CPU
		{EA49842E-3C7B-4176-B0CC-7AD5C124115A}.AppStore|ARM.Build.0 = Debug|Any CPU
		{EA49842E-3C7B-4176-B0CC-7AD5C124115A}.AppStore|iPhone.ActiveCfg = Debug|Any CPU
		{EA49842E-3C7B-4176-B0CC-7AD5C124115A}.AppStore|iPhone.Build.0 = Debug|Any CPU
		{EA49842E-3C7B-4176-B0CC-7AD5C124115A}.AppStore|iPhoneSimulator.ActiveCfg = Debug|Any CPU
		{EA49842E-3C7B-4176-B0CC-7AD5C124115A}.AppStore|iPhoneSimulator.Build.0 = Debug|Any CPU
		{EA49842E-3C7B-4176-B0CC-7AD5C124115A}.AppStore|x64.ActiveCfg = Debug|Any CPU
		{EA49842E-3C7B-4176-B0CC-7AD5C124115A}.AppStore|x64.Build.0 = Debug|Any CPU
		{EA49842E-3C7B-4176-B0CC-7AD5C124115A}.AppStore|x86.ActiveCfg = Debug|Any CPU
		{EA49842E-3C7B-4176-B0CC-7AD5C124115A}.AppStore|x86.Build.0 = Debug|Any CPU
		{EA49842E-3C7B-4176-B0CC-7AD5C124115A}.Debug|Any CPU.ActiveCfg = Debug|Any CPU
		{EA49842E-3C7B-4176-B0CC-7AD5C124115A}.Debug|Any CPU.Build.0 = Debug|Any CPU
		{EA49842E-3C7B-4176-B0CC-7AD5C124115A}.Debug|ARM.ActiveCfg = Debug|Any CPU
		{EA49842E-3C7B-4176-B0CC-7AD5C124115A}.Debug|ARM.Build.0 = Debug|Any CPU
		{EA49842E-3C7B-4176-B0CC-7AD5C124115A}.Debug|iPhone.ActiveCfg = Debug|Any CPU
		{EA49842E-3C7B-4176-B0CC-7AD5C124115A}.Debug|iPhone.Build.0 = Debug|Any CPU
		{EA49842E-3C7B-4176-B0CC-7AD5C124115A}.Debug|iPhoneSimulator.ActiveCfg = Debug|Any CPU
		{EA49842E-3C7B-4176-B0CC-7AD5C124115A}.Debug|iPhoneSimulator.Build.0 = Debug|Any CPU
		{EA49842E-3C7B-4176-B0CC-7AD5C124115A}.Debug|x64.ActiveCfg = Debug|Any CPU
		{EA49842E-3C7B-4176-B0CC-7AD5C124115A}.Debug|x64.Build.0 = Debug|Any CPU
		{EA49842E-3C7B-4176-B0CC-7AD5C124115A}.Debug|x86.ActiveCfg = Debug|Any CPU
		{EA49842E-3C7B-4176-B0CC-7AD5C124115A}.Debug|x86.Build.0 = Debug|Any CPU
		{EA49842E-3C7B-4176-B0CC-7AD5C124115A}.Release|Any CPU.ActiveCfg = Release|Any CPU
		{EA49842E-3C7B-4176-B0CC-7AD5C124115A}.Release|Any CPU.Build.0 = Release|Any CPU
		{EA49842E-3C7B-4176-B0CC-7AD5C124115A}.Release|ARM.ActiveCfg = Release|Any CPU
		{EA49842E-3C7B-4176-B0CC-7AD5C124115A}.Release|ARM.Build.0 = Release|Any CPU
		{EA49842E-3C7B-4176-B0CC-7AD5C124115A}.Release|iPhone.ActiveCfg = Release|Any CPU
		{EA49842E-3C7B-4176-B0CC-7AD5C124115A}.Release|iPhone.Build.0 = Release|Any CPU
		{EA49842E-3C7B-4176-B0CC-7AD5C124115A}.Release|iPhoneSimulator.ActiveCfg = Release|Any CPU
		{EA49842E-3C7B-4176-B0CC-7AD5C124115A}.Release|iPhoneSimulator.Build.0 = Release|Any CPU
		{EA49842E-3C7B-4176-B0CC-7AD5C124115A}.Release|x64.ActiveCfg = Release|Any CPU
		{EA49842E-3C7B-4176-B0CC-7AD5C124115A}.Release|x64.Build.0 = Release|Any CPU
		{EA49842E-3C7B-4176-B0CC-7AD5C124115A}.Release|x86.ActiveCfg = Release|Any CPU
		{EA49842E-3C7B-4176-B0CC-7AD5C124115A}.Release|x86.Build.0 = Release|Any CPU
		{BBE349E0-6EDC-4762-913F-C575FDEF89BC}.Ad-Hoc|Any CPU.ActiveCfg = Release|Any CPU
		{BBE349E0-6EDC-4762-913F-C575FDEF89BC}.Ad-Hoc|Any CPU.Build.0 = Release|Any CPU
		{BBE349E0-6EDC-4762-913F-C575FDEF89BC}.Ad-Hoc|Any CPU.Deploy.0 = Release|Any CPU
		{BBE349E0-6EDC-4762-913F-C575FDEF89BC}.Ad-Hoc|ARM.ActiveCfg = Release|Any CPU
		{BBE349E0-6EDC-4762-913F-C575FDEF89BC}.Ad-Hoc|ARM.Build.0 = Release|Any CPU
		{BBE349E0-6EDC-4762-913F-C575FDEF89BC}.Ad-Hoc|ARM.Deploy.0 = Release|Any CPU
		{BBE349E0-6EDC-4762-913F-C575FDEF89BC}.Ad-Hoc|iPhone.ActiveCfg = Release|Any CPU
		{BBE349E0-6EDC-4762-913F-C575FDEF89BC}.Ad-Hoc|iPhone.Build.0 = Release|Any CPU
		{BBE349E0-6EDC-4762-913F-C575FDEF89BC}.Ad-Hoc|iPhone.Deploy.0 = Release|Any CPU
		{BBE349E0-6EDC-4762-913F-C575FDEF89BC}.Ad-Hoc|iPhoneSimulator.ActiveCfg = Release|Any CPU
		{BBE349E0-6EDC-4762-913F-C575FDEF89BC}.Ad-Hoc|iPhoneSimulator.Build.0 = Release|Any CPU
		{BBE349E0-6EDC-4762-913F-C575FDEF89BC}.Ad-Hoc|iPhoneSimulator.Deploy.0 = Release|Any CPU
		{BBE349E0-6EDC-4762-913F-C575FDEF89BC}.Ad-Hoc|x64.ActiveCfg = Release|Any CPU
		{BBE349E0-6EDC-4762-913F-C575FDEF89BC}.Ad-Hoc|x64.Build.0 = Release|Any CPU
		{BBE349E0-6EDC-4762-913F-C575FDEF89BC}.Ad-Hoc|x64.Deploy.0 = Release|Any CPU
		{BBE349E0-6EDC-4762-913F-C575FDEF89BC}.Ad-Hoc|x86.ActiveCfg = Release|Any CPU
		{BBE349E0-6EDC-4762-913F-C575FDEF89BC}.Ad-Hoc|x86.Build.0 = Release|Any CPU
		{BBE349E0-6EDC-4762-913F-C575FDEF89BC}.Ad-Hoc|x86.Deploy.0 = Release|Any CPU
		{BBE349E0-6EDC-4762-913F-C575FDEF89BC}.AppStore|Any CPU.ActiveCfg = Release|Any CPU
		{BBE349E0-6EDC-4762-913F-C575FDEF89BC}.AppStore|Any CPU.Build.0 = Release|Any CPU
		{BBE349E0-6EDC-4762-913F-C575FDEF89BC}.AppStore|Any CPU.Deploy.0 = Release|Any CPU
		{BBE349E0-6EDC-4762-913F-C575FDEF89BC}.AppStore|ARM.ActiveCfg = Release|Any CPU
		{BBE349E0-6EDC-4762-913F-C575FDEF89BC}.AppStore|ARM.Build.0 = Release|Any CPU
		{BBE349E0-6EDC-4762-913F-C575FDEF89BC}.AppStore|ARM.Deploy.0 = Release|Any CPU
		{BBE349E0-6EDC-4762-913F-C575FDEF89BC}.AppStore|iPhone.ActiveCfg = Release|Any CPU
		{BBE349E0-6EDC-4762-913F-C575FDEF89BC}.AppStore|iPhone.Build.0 = Release|Any CPU
		{BBE349E0-6EDC-4762-913F-C575FDEF89BC}.AppStore|iPhone.Deploy.0 = Release|Any CPU
		{BBE349E0-6EDC-4762-913F-C575FDEF89BC}.AppStore|iPhoneSimulator.ActiveCfg = Release|Any CPU
		{BBE349E0-6EDC-4762-913F-C575FDEF89BC}.AppStore|iPhoneSimulator.Build.0 = Release|Any CPU
		{BBE349E0-6EDC-4762-913F-C575FDEF89BC}.AppStore|iPhoneSimulator.Deploy.0 = Release|Any CPU
		{BBE349E0-6EDC-4762-913F-C575FDEF89BC}.AppStore|x64.ActiveCfg = Release|Any CPU
		{BBE349E0-6EDC-4762-913F-C575FDEF89BC}.AppStore|x64.Build.0 = Release|Any CPU
		{BBE349E0-6EDC-4762-913F-C575FDEF89BC}.AppStore|x64.Deploy.0 = Release|Any CPU
		{BBE349E0-6EDC-4762-913F-C575FDEF89BC}.AppStore|x86.ActiveCfg = Release|Any CPU
		{BBE349E0-6EDC-4762-913F-C575FDEF89BC}.AppStore|x86.Build.0 = Release|Any CPU
		{BBE349E0-6EDC-4762-913F-C575FDEF89BC}.AppStore|x86.Deploy.0 = Release|Any CPU
		{BBE349E0-6EDC-4762-913F-C575FDEF89BC}.Debug|Any CPU.ActiveCfg = Debug|Any CPU
		{BBE349E0-6EDC-4762-913F-C575FDEF89BC}.Debug|Any CPU.Build.0 = Debug|Any CPU
		{BBE349E0-6EDC-4762-913F-C575FDEF89BC}.Debug|Any CPU.Deploy.0 = Debug|Any CPU
		{BBE349E0-6EDC-4762-913F-C575FDEF89BC}.Debug|ARM.ActiveCfg = Debug|Any CPU
		{BBE349E0-6EDC-4762-913F-C575FDEF89BC}.Debug|ARM.Build.0 = Debug|Any CPU
		{BBE349E0-6EDC-4762-913F-C575FDEF89BC}.Debug|ARM.Deploy.0 = Debug|Any CPU
		{BBE349E0-6EDC-4762-913F-C575FDEF89BC}.Debug|iPhone.ActiveCfg = Debug|Any CPU
		{BBE349E0-6EDC-4762-913F-C575FDEF89BC}.Debug|iPhone.Build.0 = Debug|Any CPU
		{BBE349E0-6EDC-4762-913F-C575FDEF89BC}.Debug|iPhone.Deploy.0 = Debug|Any CPU
		{BBE349E0-6EDC-4762-913F-C575FDEF89BC}.Debug|iPhoneSimulator.ActiveCfg = Debug|Any CPU
		{BBE349E0-6EDC-4762-913F-C575FDEF89BC}.Debug|iPhoneSimulator.Build.0 = Debug|Any CPU
		{BBE349E0-6EDC-4762-913F-C575FDEF89BC}.Debug|iPhoneSimulator.Deploy.0 = Debug|Any CPU
		{BBE349E0-6EDC-4762-913F-C575FDEF89BC}.Debug|x64.ActiveCfg = Debug|Any CPU
		{BBE349E0-6EDC-4762-913F-C575FDEF89BC}.Debug|x64.Build.0 = Debug|Any CPU
		{BBE349E0-6EDC-4762-913F-C575FDEF89BC}.Debug|x64.Deploy.0 = Debug|Any CPU
		{BBE349E0-6EDC-4762-913F-C575FDEF89BC}.Debug|x86.ActiveCfg = Debug|Any CPU
		{BBE349E0-6EDC-4762-913F-C575FDEF89BC}.Debug|x86.Build.0 = Debug|Any CPU
		{BBE349E0-6EDC-4762-913F-C575FDEF89BC}.Debug|x86.Deploy.0 = Debug|Any CPU
		{BBE349E0-6EDC-4762-913F-C575FDEF89BC}.Release|Any CPU.ActiveCfg = Release|Any CPU
		{BBE349E0-6EDC-4762-913F-C575FDEF89BC}.Release|Any CPU.Build.0 = Release|Any CPU
		{BBE349E0-6EDC-4762-913F-C575FDEF89BC}.Release|Any CPU.Deploy.0 = Release|Any CPU
		{BBE349E0-6EDC-4762-913F-C575FDEF89BC}.Release|ARM.ActiveCfg = Release|Any CPU
		{BBE349E0-6EDC-4762-913F-C575FDEF89BC}.Release|ARM.Build.0 = Release|Any CPU
		{BBE349E0-6EDC-4762-913F-C575FDEF89BC}.Release|ARM.Deploy.0 = Release|Any CPU
		{BBE349E0-6EDC-4762-913F-C575FDEF89BC}.Release|iPhone.ActiveCfg = Release|Any CPU
		{BBE349E0-6EDC-4762-913F-C575FDEF89BC}.Release|iPhone.Build.0 = Release|Any CPU
		{BBE349E0-6EDC-4762-913F-C575FDEF89BC}.Release|iPhone.Deploy.0 = Release|Any CPU
		{BBE349E0-6EDC-4762-913F-C575FDEF89BC}.Release|iPhoneSimulator.ActiveCfg = Release|Any CPU
		{BBE349E0-6EDC-4762-913F-C575FDEF89BC}.Release|iPhoneSimulator.Build.0 = Release|Any CPU
		{BBE349E0-6EDC-4762-913F-C575FDEF89BC}.Release|iPhoneSimulator.Deploy.0 = Release|Any CPU
		{BBE349E0-6EDC-4762-913F-C575FDEF89BC}.Release|x64.ActiveCfg = Release|Any CPU
		{BBE349E0-6EDC-4762-913F-C575FDEF89BC}.Release|x64.Build.0 = Release|Any CPU
		{BBE349E0-6EDC-4762-913F-C575FDEF89BC}.Release|x64.Deploy.0 = Release|Any CPU
		{BBE349E0-6EDC-4762-913F-C575FDEF89BC}.Release|x86.ActiveCfg = Release|Any CPU
		{BBE349E0-6EDC-4762-913F-C575FDEF89BC}.Release|x86.Build.0 = Release|Any CPU
		{BBE349E0-6EDC-4762-913F-C575FDEF89BC}.Release|x86.Deploy.0 = Release|Any CPU
		{7AF2C74F-6D63-4DBF-8F81-A54736C8E232}.Ad-Hoc|Any CPU.ActiveCfg = Ad-Hoc|iPhone
		{7AF2C74F-6D63-4DBF-8F81-A54736C8E232}.Ad-Hoc|ARM.ActiveCfg = Ad-Hoc|iPhone
		{7AF2C74F-6D63-4DBF-8F81-A54736C8E232}.Ad-Hoc|iPhone.ActiveCfg = Ad-Hoc|iPhone
		{7AF2C74F-6D63-4DBF-8F81-A54736C8E232}.Ad-Hoc|iPhone.Build.0 = Ad-Hoc|iPhone
		{7AF2C74F-6D63-4DBF-8F81-A54736C8E232}.Ad-Hoc|iPhoneSimulator.ActiveCfg = Ad-Hoc|iPhoneSimulator
		{7AF2C74F-6D63-4DBF-8F81-A54736C8E232}.Ad-Hoc|iPhoneSimulator.Build.0 = Ad-Hoc|iPhoneSimulator
		{7AF2C74F-6D63-4DBF-8F81-A54736C8E232}.Ad-Hoc|x64.ActiveCfg = Ad-Hoc|iPhone
		{7AF2C74F-6D63-4DBF-8F81-A54736C8E232}.Ad-Hoc|x86.ActiveCfg = Ad-Hoc|iPhone
		{7AF2C74F-6D63-4DBF-8F81-A54736C8E232}.AppStore|Any CPU.ActiveCfg = AppStore|iPhone
		{7AF2C74F-6D63-4DBF-8F81-A54736C8E232}.AppStore|ARM.ActiveCfg = AppStore|iPhone
		{7AF2C74F-6D63-4DBF-8F81-A54736C8E232}.AppStore|iPhone.ActiveCfg = AppStore|iPhone
		{7AF2C74F-6D63-4DBF-8F81-A54736C8E232}.AppStore|iPhone.Build.0 = AppStore|iPhone
		{7AF2C74F-6D63-4DBF-8F81-A54736C8E232}.AppStore|iPhoneSimulator.ActiveCfg = AppStore|iPhoneSimulator
		{7AF2C74F-6D63-4DBF-8F81-A54736C8E232}.AppStore|iPhoneSimulator.Build.0 = AppStore|iPhoneSimulator
		{7AF2C74F-6D63-4DBF-8F81-A54736C8E232}.AppStore|x64.ActiveCfg = AppStore|iPhone
		{7AF2C74F-6D63-4DBF-8F81-A54736C8E232}.AppStore|x86.ActiveCfg = AppStore|iPhone
		{7AF2C74F-6D63-4DBF-8F81-A54736C8E232}.Debug|Any CPU.ActiveCfg = Debug|iPhone
		{7AF2C74F-6D63-4DBF-8F81-A54736C8E232}.Debug|ARM.ActiveCfg = Debug|iPhone
		{7AF2C74F-6D63-4DBF-8F81-A54736C8E232}.Debug|iPhone.ActiveCfg = Debug|iPhone
		{7AF2C74F-6D63-4DBF-8F81-A54736C8E232}.Debug|iPhone.Build.0 = Debug|iPhone
		{7AF2C74F-6D63-4DBF-8F81-A54736C8E232}.Debug|iPhoneSimulator.ActiveCfg = Debug|iPhoneSimulator
		{7AF2C74F-6D63-4DBF-8F81-A54736C8E232}.Debug|iPhoneSimulator.Build.0 = Debug|iPhoneSimulator
		{7AF2C74F-6D63-4DBF-8F81-A54736C8E232}.Debug|x64.ActiveCfg = Debug|iPhone
		{7AF2C74F-6D63-4DBF-8F81-A54736C8E232}.Debug|x86.ActiveCfg = Debug|iPhone
		{7AF2C74F-6D63-4DBF-8F81-A54736C8E232}.Release|Any CPU.ActiveCfg = Release|iPhone
		{7AF2C74F-6D63-4DBF-8F81-A54736C8E232}.Release|ARM.ActiveCfg = Release|iPhone
		{7AF2C74F-6D63-4DBF-8F81-A54736C8E232}.Release|iPhone.ActiveCfg = Release|iPhone
		{7AF2C74F-6D63-4DBF-8F81-A54736C8E232}.Release|iPhone.Build.0 = Release|iPhone
		{7AF2C74F-6D63-4DBF-8F81-A54736C8E232}.Release|iPhoneSimulator.ActiveCfg = Release|iPhoneSimulator
		{7AF2C74F-6D63-4DBF-8F81-A54736C8E232}.Release|iPhoneSimulator.Build.0 = Release|iPhoneSimulator
		{7AF2C74F-6D63-4DBF-8F81-A54736C8E232}.Release|x64.ActiveCfg = Release|iPhone
		{7AF2C74F-6D63-4DBF-8F81-A54736C8E232}.Release|x86.ActiveCfg = Release|iPhone
		{6D2149F2-1E69-43E3-A74F-11807B18AB25}.Ad-Hoc|Any CPU.ActiveCfg = Release|x86
		{6D2149F2-1E69-43E3-A74F-11807B18AB25}.Ad-Hoc|Any CPU.Build.0 = Release|x86
		{6D2149F2-1E69-43E3-A74F-11807B18AB25}.Ad-Hoc|Any CPU.Deploy.0 = Release|x86
		{6D2149F2-1E69-43E3-A74F-11807B18AB25}.Ad-Hoc|ARM.ActiveCfg = Release|ARM
		{6D2149F2-1E69-43E3-A74F-11807B18AB25}.Ad-Hoc|ARM.Build.0 = Release|ARM
		{6D2149F2-1E69-43E3-A74F-11807B18AB25}.Ad-Hoc|ARM.Deploy.0 = Release|ARM
		{6D2149F2-1E69-43E3-A74F-11807B18AB25}.Ad-Hoc|iPhone.ActiveCfg = Release|x86
		{6D2149F2-1E69-43E3-A74F-11807B18AB25}.Ad-Hoc|iPhone.Build.0 = Release|x86
		{6D2149F2-1E69-43E3-A74F-11807B18AB25}.Ad-Hoc|iPhone.Deploy.0 = Release|x86
		{6D2149F2-1E69-43E3-A74F-11807B18AB25}.Ad-Hoc|iPhoneSimulator.ActiveCfg = Release|x86
		{6D2149F2-1E69-43E3-A74F-11807B18AB25}.Ad-Hoc|iPhoneSimulator.Build.0 = Release|x86
		{6D2149F2-1E69-43E3-A74F-11807B18AB25}.Ad-Hoc|iPhoneSimulator.Deploy.0 = Release|x86
		{6D2149F2-1E69-43E3-A74F-11807B18AB25}.Ad-Hoc|x64.ActiveCfg = Release|x64
		{6D2149F2-1E69-43E3-A74F-11807B18AB25}.Ad-Hoc|x64.Build.0 = Release|x64
		{6D2149F2-1E69-43E3-A74F-11807B18AB25}.Ad-Hoc|x64.Deploy.0 = Release|x64
		{6D2149F2-1E69-43E3-A74F-11807B18AB25}.Ad-Hoc|x86.ActiveCfg = Release|x86
		{6D2149F2-1E69-43E3-A74F-11807B18AB25}.Ad-Hoc|x86.Build.0 = Release|x86
		{6D2149F2-1E69-43E3-A74F-11807B18AB25}.Ad-Hoc|x86.Deploy.0 = Release|x86
		{6D2149F2-1E69-43E3-A74F-11807B18AB25}.AppStore|Any CPU.ActiveCfg = Release|x86
		{6D2149F2-1E69-43E3-A74F-11807B18AB25}.AppStore|Any CPU.Build.0 = Release|x86
		{6D2149F2-1E69-43E3-A74F-11807B18AB25}.AppStore|Any CPU.Deploy.0 = Release|x86
		{6D2149F2-1E69-43E3-A74F-11807B18AB25}.AppStore|ARM.ActiveCfg = Release|ARM
		{6D2149F2-1E69-43E3-A74F-11807B18AB25}.AppStore|ARM.Build.0 = Release|ARM
		{6D2149F2-1E69-43E3-A74F-11807B18AB25}.AppStore|ARM.Deploy.0 = Release|ARM
		{6D2149F2-1E69-43E3-A74F-11807B18AB25}.AppStore|iPhone.ActiveCfg = Release|x86
		{6D2149F2-1E69-43E3-A74F-11807B18AB25}.AppStore|iPhone.Build.0 = Release|x86
		{6D2149F2-1E69-43E3-A74F-11807B18AB25}.AppStore|iPhone.Deploy.0 = Release|x86
		{6D2149F2-1E69-43E3-A74F-11807B18AB25}.AppStore|iPhoneSimulator.ActiveCfg = Release|x86
		{6D2149F2-1E69-43E3-A74F-11807B18AB25}.AppStore|iPhoneSimulator.Build.0 = Release|x86
		{6D2149F2-1E69-43E3-A74F-11807B18AB25}.AppStore|iPhoneSimulator.Deploy.0 = Release|x86
		{6D2149F2-1E69-43E3-A74F-11807B18AB25}.AppStore|x64.ActiveCfg = Release|x64
		{6D2149F2-1E69-43E3-A74F-11807B18AB25}.AppStore|x64.Build.0 = Release|x64
		{6D2149F2-1E69-43E3-A74F-11807B18AB25}.AppStore|x64.Deploy.0 = Release|x64
		{6D2149F2-1E69-43E3-A74F-11807B18AB25}.AppStore|x86.ActiveCfg = Release|x86
		{6D2149F2-1E69-43E3-A74F-11807B18AB25}.AppStore|x86.Build.0 = Release|x86
		{6D2149F2-1E69-43E3-A74F-11807B18AB25}.AppStore|x86.Deploy.0 = Release|x86
		{6D2149F2-1E69-43E3-A74F-11807B18AB25}.Debug|Any CPU.ActiveCfg = Debug|x86
		{6D2149F2-1E69-43E3-A74F-11807B18AB25}.Debug|ARM.ActiveCfg = Debug|ARM
		{6D2149F2-1E69-43E3-A74F-11807B18AB25}.Debug|ARM.Build.0 = Debug|ARM
		{6D2149F2-1E69-43E3-A74F-11807B18AB25}.Debug|ARM.Deploy.0 = Debug|ARM
		{6D2149F2-1E69-43E3-A74F-11807B18AB25}.Debug|iPhone.ActiveCfg = Debug|x86
		{6D2149F2-1E69-43E3-A74F-11807B18AB25}.Debug|iPhoneSimulator.ActiveCfg = Debug|x86
		{6D2149F2-1E69-43E3-A74F-11807B18AB25}.Debug|x64.ActiveCfg = Debug|x64
		{6D2149F2-1E69-43E3-A74F-11807B18AB25}.Debug|x64.Build.0 = Debug|x64
		{6D2149F2-1E69-43E3-A74F-11807B18AB25}.Debug|x64.Deploy.0 = Debug|x64
		{6D2149F2-1E69-43E3-A74F-11807B18AB25}.Debug|x86.ActiveCfg = Debug|x86
		{6D2149F2-1E69-43E3-A74F-11807B18AB25}.Debug|x86.Build.0 = Debug|x86
		{6D2149F2-1E69-43E3-A74F-11807B18AB25}.Debug|x86.Deploy.0 = Debug|x86
		{6D2149F2-1E69-43E3-A74F-11807B18AB25}.Release|Any CPU.ActiveCfg = Release|x86
		{6D2149F2-1E69-43E3-A74F-11807B18AB25}.Release|ARM.ActiveCfg = Release|ARM
		{6D2149F2-1E69-43E3-A74F-11807B18AB25}.Release|ARM.Build.0 = Release|ARM
		{6D2149F2-1E69-43E3-A74F-11807B18AB25}.Release|ARM.Deploy.0 = Release|ARM
		{6D2149F2-1E69-43E3-A74F-11807B18AB25}.Release|iPhone.ActiveCfg = Release|x86
		{6D2149F2-1E69-43E3-A74F-11807B18AB25}.Release|iPhoneSimulator.ActiveCfg = Release|x86
		{6D2149F2-1E69-43E3-A74F-11807B18AB25}.Release|x64.ActiveCfg = Release|x64
		{6D2149F2-1E69-43E3-A74F-11807B18AB25}.Release|x64.Build.0 = Release|x64
		{6D2149F2-1E69-43E3-A74F-11807B18AB25}.Release|x64.Deploy.0 = Release|x64
		{6D2149F2-1E69-43E3-A74F-11807B18AB25}.Release|x86.ActiveCfg = Release|x86
		{6D2149F2-1E69-43E3-A74F-11807B18AB25}.Release|x86.Build.0 = Release|x86
		{6D2149F2-1E69-43E3-A74F-11807B18AB25}.Release|x86.Deploy.0 = Release|x86
	EndGlobalSection
	GlobalSection(SolutionProperties) = preSolution
		HideSolutionNode = FALSE
	EndGlobalSection
	GlobalSection(NestedProjects) = preSolution
		{BBE349E0-6EDC-4762-913F-C575FDEF89BC} = {C493DCB9-769E-4776-82BB-0B9036A723A7}
		{7AF2C74F-6D63-4DBF-8F81-A54736C8E232} = {C493DCB9-769E-4776-82BB-0B9036A723A7}
		{6D2149F2-1E69-43E3-A74F-11807B18AB25} = {C493DCB9-769E-4776-82BB-0B9036A723A7}
	EndGlobalSection
	GlobalSection(ExtensibilityGlobals) = postSolution
		SolutionGuid = {F74A0AFF-D9D3-4931-9006-2A9B0A67C552}
	EndGlobalSection
EndGlobal
